
Microsoft Visual Studio Solution File, Format Version 12.00
Project("{FAE04EC0-301F-11D3-BF4B-00C04F79EFBC}") = "ASPA004_01", "ASPA004_01\ASPA004_01.csproj", "{44D2E337-8621-439D-A7E4-0C980752399E}"
EndProject
Project("{FAE04EC0-301F-11D3-BF4B-00C04F79EFBC}") = "DAL004", "DAL004\DAL004.csproj", "{1A6D16E1-B10A-447D-A5FB-8127B5F401A8}"
EndProject
Project("{FAE04EC0-301F-11D3-BF4B-00C04F79EFBC}") = "ASPA004_02", "ASPA004_02\ASPA004_02.csproj", "{D9F35204-42D8-48A1-9E73-083D636E932C}"
EndProject
Project("{FAE04EC0-301F-11D3-BF4B-00C04F79EFBC}") = "Test_DAL004", "Test_DAL004\Test_DAL004.csproj", "{C1F4D2A7-8C69-4CBF-832E-69954FE38E27}"
EndProject
Project("{FAE04EC0-301F-11D3-BF4B-00C04F79EFBC}") = "ASPA004_03", "ASPA004_03\ASPA004_03.csproj", "{8628321F-2C4F-45BA-B65A-DE8697D6787A}"
EndProject
Global
	GlobalSection(SolutionConfigurationPlatforms) = preSolution
		Debug|Any CPU = Debug|Any CPU
		Debug|x64 = Debug|x64
		Debug|x86 = Debug|x86
		Release|Any CPU = Release|Any CPU
		Release|x64 = Release|x64
		Release|x86 = Release|x86
	EndGlobalSection
	GlobalSection(ProjectConfigurationPlatforms) = postSolution
		{44D2E337-8621-439D-A7E4-0C980752399E}.Debug|Any CPU.ActiveCfg = Debug|Any CPU
		{44D2E337-8621-439D-A7E4-0C980752399E}.Debug|Any CPU.Build.0 = Debug|Any CPU
		{44D2E337-8621-439D-A7E4-0C980752399E}.Debug|x64.ActiveCfg = Debug|Any CPU
		{44D2E337-8621-439D-A7E4-0C980752399E}.Debug|x64.Build.0 = Debug|Any CPU
		{44D2E337-8621-439D-A7E4-0C980752399E}.Debug|x86.ActiveCfg = Debug|Any CPU
		{44D2E337-8621-439D-A7E4-0C980752399E}.Debug|x86.Build.0 = Debug|Any CPU
		{44D2E337-8621-439D-A7E4-0C980752399E}.Release|Any CPU.ActiveCfg = Release|Any CPU
		{44D2E337-8621-439D-A7E4-0C980752399E}.Release|Any CPU.Build.0 = Release|Any CPU
		{44D2E337-8621-439D-A7E4-0C980752399E}.Release|x64.ActiveCfg = Release|Any CPU
		{44D2E337-8621-439D-A7E4-0C980752399E}.Release|x64.Build.0 = Release|Any CPU
		{44D2E337-8621-439D-A7E4-0C980752399E}.Release|x86.ActiveCfg = Release|Any CPU
		{44D2E337-8621-439D-A7E4-0C980752399E}.Release|x86.Build.0 = Release|Any CPU
		{1A6D16E1-B10A-447D-A5FB-8127B5F401A8}.Debug|Any CPU.ActiveCfg = Debug|Any CPU
		{1A6D16E1-B10A-447D-A5FB-8127B5F401A8}.Debug|Any CPU.Build.0 = Debug|Any CPU
		{1A6D16E1-B10A-447D-A5FB-8127B5F401A8}.Debug|x64.ActiveCfg = Debug|Any CPU
		{1A6D16E1-B10A-447D-A5FB-8127B5F401A8}.Debug|x64.Build.0 = Debug|Any CPU
		{1A6D16E1-B10A-447D-A5FB-8127B5F401A8}.Debug|x86.ActiveCfg = Debug|Any CPU
		{1A6D16E1-B10A-447D-A5FB-8127B5F401A8}.Debug|x86.Build.0 = Debug|Any CPU
		{1A6D16E1-B10A-447D-A5FB-8127B5F401A8}.Release|Any CPU.ActiveCfg = Release|Any CPU
		{1A6D16E1-B10A-447D-A5FB-8127B5F401A8}.Release|Any CPU.Build.0 = Release|Any CPU
		{1A6D16E1-B10A-447D-A5FB-8127B5F401A8}.Release|x64.ActiveCfg = Release|Any CPU
		{1A6D16E1-B10A-447D-A5FB-8127B5F401A8}.Release|x64.Build.0 = Release|Any CPU
		{1A6D16E1-B10A-447D-A5FB-8127B5F401A8}.Release|x86.ActiveCfg = Release|Any CPU
		{1A6D16E1-B10A-447D-A5FB-8127B5F401A8}.Release|x86.Build.0 = Release|Any CPU
		{D9F35204-42D8-48A1-9E73-083D636E932C}.Debug|Any CPU.ActiveCfg = Debug|Any CPU
		{D9F35204-42D8-48A1-9E73-083D636E932C}.Debug|Any CPU.Build.0 = Debug|Any CPU
		{D9F35204-42D8-48A1-9E73-083D636E932C}.Debug|x64.ActiveCfg = Debug|Any CPU
		{D9F35204-42D8-48A1-9E73-083D636E932C}.Debug|x64.Build.0 = Debug|Any CPU
		{D9F35204-42D8-48A1-9E73-083D636E932C}.Debug|x86.ActiveCfg = Debug|Any CPU
		{D9F35204-42D8-48A1-9E73-083D636E932C}.Debug|x86.Build.0 = Debug|Any CPU
		{D9F35204-42D8-48A1-9E73-083D636E932C}.Release|Any CPU.ActiveCfg = Release|Any CPU
		{D9F35204-42D8-48A1-9E73-083D636E932C}.Release|Any CPU.Build.0 = Release|Any CPU
		{D9F35204-42D8-48A1-9E73-083D636E932C}.Release|x64.ActiveCfg = Release|Any CPU
		{D9F35204-42D8-48A1-9E73-083D636E932C}.Release|x64.Build.0 = Release|Any CPU
		{D9F35204-42D8-48A1-9E73-083D636E932C}.Release|x86.ActiveCfg = Release|Any CPU
		{D9F35204-42D8-48A1-9E73-083D636E932C}.Release|x86.Build.0 = Release|Any CPU
		{C1F4D2A7-8C69-4CBF-832E-69954FE38E27}.Debug|Any CPU.ActiveCfg = Debug|Any CPU
		{C1F4D2A7-8C69-4CBF-832E-69954FE38E27}.Debug|Any CPU.Build.0 = Debug|Any CPU
		{C1F4D2A7-8C69-4CBF-832E-69954FE38E27}.Debug|x64.ActiveCfg = Debug|Any CPU
		{C1F4D2A7-8C69-4CBF-832E-69954FE38E27}.Debug|x64.Build.0 = Debug|Any CPU
		{C1F4D2A7-8C69-4CBF-832E-69954FE38E27}.Debug|x86.ActiveCfg = Debug|Any CPU
		{C1F4D2A7-8C69-4CBF-832E-69954FE38E27}.Debug|x86.Build.0 = Debug|Any CPU
		{C1F4D2A7-8C69-4CBF-832E-69954FE38E27}.Release|Any CPU.ActiveCfg = Release|Any CPU
		{C1F4D2A7-8C69-4CBF-832E-69954FE38E27}.Release|Any CPU.Build.0 = Release|Any CPU
		{C1F4D2A7-8C69-4CBF-832E-69954FE38E27}.Release|x64.ActiveCfg = Release|Any CPU
		{C1F4D2A7-8C69-4CBF-832E-69954FE38E27}.Release|x64.Build.0 = Release|Any CPU
		{C1F4D2A7-8C69-4CBF-832E-69954FE38E27}.Release|x86.ActiveCfg = Release|Any CPU
		{C1F4D2A7-8C69-4CBF-832E-69954FE38E27}.Release|x86.Build.0 = Release|Any CPU
		{8628321F-2C4F-45BA-B65A-DE8697D6787A}.Debug|Any CPU.ActiveCfg = Debug|Any CPU
		{8628321F-2C4F-45BA-B65A-DE8697D6787A}.Debug|Any CPU.Build.0 = Debug|Any CPU
		{8628321F-2C4F-45BA-B65A-DE8697D6787A}.Debug|x64.ActiveCfg = Debug|Any CPU
		{8628321F-2C4F-45BA-B65A-DE8697D6787A}.Debug|x64.Build.0 = Debug|Any CPU
		{8628321F-2C4F-45BA-B65A-DE8697D6787A}.Debug|x86.ActiveCfg = Debug|Any CPU
		{8628321F-2C4F-45BA-B65A-DE8697D6787A}.Debug|x86.Build.0 = Debug|Any CPU
		{8628321F-2C4F-45BA-B65A-DE8697D6787A}.Release|Any CPU.ActiveCfg = Release|Any CPU
		{8628321F-2C4F-45BA-B65A-DE8697D6787A}.Release|Any CPU.Build.0 = Release|Any CPU
		{8628321F-2C4F-45BA-B65A-DE8697D6787A}.Release|x64.ActiveCfg = Release|Any CPU
		{8628321F-2C4F-45BA-B65A-DE8697D6787A}.Release|x64.Build.0 = Release|Any CPU
		{8628321F-2C4F-45BA-B65A-DE8697D6787A}.Release|x86.ActiveCfg = Release|Any CPU
		{8628321F-2C4F-45BA-B65A-DE8697D6787A}.Release|x86.Build.0 = Release|Any CPU
	EndGlobalSection
	GlobalSection(SolutionProperties) = preSolution
		HideSolutionNode = FALSE
	EndGlobalSection
EndGlobal
