
Microsoft Visual Studio Solution File, Format Version 12.00
Project("{FAE04EC0-301F-11D3-BF4B-00C04F79EFBC}") = "ASP003", "ASP003\ASP003.csproj", "{3812C63D-A41B-4F2B-BFAC-293E8166BF59}"
EndProject
Project("{FAE04EC0-301F-11D3-BF4B-00C04F79EFBC}") = "DAL003", "DAL003\DAL003.csproj", "{62E41504-A9B6-4C4E-BF6B-20B717D5C678}"
EndProject
Project("{FAE04EC0-301F-11D3-BF4B-00C04F79EFBC}") = "Test_DAL003", "Test_DAL003\Test_DAL003.csproj", "{C95851B5-0D96-4517-B7E3-85B6EDF6F8AB}"
EndProject
Global
	GlobalSection(SolutionConfigurationPlatforms) = preSolution
		Debug|Any CPU = Debug|Any CPU
		Release|Any CPU = Release|Any CPU
	EndGlobalSection
	GlobalSection(ProjectConfigurationPlatforms) = postSolution
		{3812C63D-A41B-4F2B-BFAC-293E8166BF59}.Debug|Any CPU.ActiveCfg = Debug|Any CPU
		{3812C63D-A41B-4F2B-BFAC-293E8166BF59}.Debug|Any CPU.Build.0 = Debug|Any CPU
		{3812C63D-A41B-4F2B-BFAC-293E8166BF59}.Release|Any CPU.ActiveCfg = Release|Any CPU
		{3812C63D-A41B-4F2B-BFAC-293E8166BF59}.Release|Any CPU.Build.0 = Release|Any CPU
		{62E41504-A9B6-4C4E-BF6B-20B717D5C678}.Debug|Any CPU.ActiveCfg = Debug|Any CPU
		{62E41504-A9B6-4C4E-BF6B-20B717D5C678}.Debug|Any CPU.Build.0 = Debug|Any CPU
		{62E41504-A9B6-4C4E-BF6B-20B717D5C678}.Release|Any CPU.ActiveCfg = Release|Any CPU
		{62E41504-A9B6-4C4E-BF6B-20B717D5C678}.Release|Any CPU.Build.0 = Release|Any CPU
		{C95851B5-0D96-4517-B7E3-85B6EDF6F8AB}.Debug|Any CPU.ActiveCfg = Debug|Any CPU
		{C95851B5-0D96-4517-B7E3-85B6EDF6F8AB}.Debug|Any CPU.Build.0 = Debug|Any CPU
		{C95851B5-0D96-4517-B7E3-85B6EDF6F8AB}.Release|Any CPU.ActiveCfg = Release|Any CPU
		{C95851B5-0D96-4517-B7E3-85B6EDF6F8AB}.Release|Any CPU.Build.0 = Release|Any CPU
	EndGlobalSection
EndGlobal
