
Microsoft Visual Studio Solution File, Format Version 12.00
Project("{FAE04EC0-301F-11D3-BF4B-00C04F79EFBC}") = "L11", "L11\L11.csproj", "{67CC09A8-035B-4FB9-A0E3-F0BA0FF9FF16}"
EndProject
Global
	GlobalSection(SolutionConfigurationPlatforms) = preSolution
		Debug|Any CPU = Debug|Any CPU
		Release|Any CPU = Release|Any CPU
	EndGlobalSection
	GlobalSection(ProjectConfigurationPlatforms) = postSolution
		{67CC09A8-035B-4FB9-A0E3-F0BA0FF9FF16}.Debug|Any CPU.ActiveCfg = Debug|Any CPU
		{67CC09A8-035B-4FB9-A0E3-F0BA0FF9FF16}.Debug|Any CPU.Build.0 = Debug|Any CPU
		{67CC09A8-035B-4FB9-A0E3-F0BA0FF9FF16}.Release|Any CPU.ActiveCfg = Release|Any CPU
		{67CC09A8-035B-4FB9-A0E3-F0BA0FF9FF16}.Release|Any CPU.Build.0 = Release|Any CPU
	EndGlobalSection
EndGlobal
