
Microsoft Visual Studio Solution File, Format Version 12.00
# Visual Studio Version 17
VisualStudioVersion = 17.12.35527.113
MinimumVisualStudioVersion = 10.0.40219.1
Project("{FAE04EC0-301F-11D3-BF4B-00C04F79EFBC}") = "ASPA005", "ASPA005\ASPA005.csproj", "{EAC47CEB-2496-49DA-9517-CE11C3A5B20B}"
EndProject
Project("{FAE04EC0-301F-11D3-BF4B-00C04F79EFBC}") = "ASPA005_1", "ASPA005_1\ASPA005_1.csproj", "{7EB4E758-461E-4F8C-8EC1-345324C0C878}"
EndProject
Project("{FAE04EC0-301F-11D3-BF4B-00C04F79EFBC}") = "ASPA005_2", "ASPA005_2\ASPA005_2.csproj", "{302D0BA8-CFD1-4505-B069-1805CAD75ED5}"
EndProject
Project("{FAE04EC0-301F-11D3-BF4B-00C04F79EFBC}") = "ASPA005_3", "ASPA005_3\ASPA005_3.csproj", "{A658CC96-5862-4353-BFDE-202FB11944E5}"
EndProject
Project("{FAE04EC0-301F-11D3-BF4B-00C04F79EFBC}") = "Test_ASPA005_3", "Test_ASPA005_3\Test_ASPA005_3.csproj", "{B2A5B1AC-160E-42C8-BAF1-9E53253C255D}"
EndProject
Project("{FAE04EC0-301F-11D3-BF4B-00C04F79EFBC}") = "DAL004", "DAL004\DAL004.csproj", "{557852FF-5E9E-4DCB-BC87-EFBB4E35F276}"
EndProject
Global
	GlobalSection(SolutionConfigurationPlatforms) = preSolution
		Debug|Any CPU = Debug|Any CPU
		Debug|x64 = Debug|x64
		Debug|x86 = Debug|x86
		Release|Any CPU = Release|Any CPU
		Release|x64 = Release|x64
		Release|x86 = Release|x86
	EndGlobalSection
	GlobalSection(ProjectConfigurationPlatforms) = postSolution
		{EAC47CEB-2496-49DA-9517-CE11C3A5B20B}.Debug|Any CPU.ActiveCfg = Debug|Any CPU
		{EAC47CEB-2496-49DA-9517-CE11C3A5B20B}.Debug|Any CPU.Build.0 = Debug|Any CPU
		{EAC47CEB-2496-49DA-9517-CE11C3A5B20B}.Debug|x64.ActiveCfg = Debug|Any CPU
		{EAC47CEB-2496-49DA-9517-CE11C3A5B20B}.Debug|x64.Build.0 = Debug|Any CPU
		{EAC47CEB-2496-49DA-9517-CE11C3A5B20B}.Debug|x86.ActiveCfg = Debug|Any CPU
		{EAC47CEB-2496-49DA-9517-CE11C3A5B20B}.Debug|x86.Build.0 = Debug|Any CPU
		{EAC47CEB-2496-49DA-9517-CE11C3A5B20B}.Release|Any CPU.ActiveCfg = Release|Any CPU
		{EAC47CEB-2496-49DA-9517-CE11C3A5B20B}.Release|Any CPU.Build.0 = Release|Any CPU
		{EAC47CEB-2496-49DA-9517-CE11C3A5B20B}.Release|x64.ActiveCfg = Release|Any CPU
		{EAC47CEB-2496-49DA-9517-CE11C3A5B20B}.Release|x64.Build.0 = Release|Any CPU
		{EAC47CEB-2496-49DA-9517-CE11C3A5B20B}.Release|x86.ActiveCfg = Release|Any CPU
		{EAC47CEB-2496-49DA-9517-CE11C3A5B20B}.Release|x86.Build.0 = Release|Any CPU
		{7EB4E758-461E-4F8C-8EC1-345324C0C878}.Debug|Any CPU.ActiveCfg = Debug|Any CPU
		{7EB4E758-461E-4F8C-8EC1-345324C0C878}.Debug|Any CPU.Build.0 = Debug|Any CPU
		{7EB4E758-461E-4F8C-8EC1-345324C0C878}.Debug|x64.ActiveCfg = Debug|Any CPU
		{7EB4E758-461E-4F8C-8EC1-345324C0C878}.Debug|x64.Build.0 = Debug|Any CPU
		{7EB4E758-461E-4F8C-8EC1-345324C0C878}.Debug|x86.ActiveCfg = Debug|Any CPU
		{7EB4E758-461E-4F8C-8EC1-345324C0C878}.Debug|x86.Build.0 = Debug|Any CPU
		{7EB4E758-461E-4F8C-8EC1-345324C0C878}.Release|Any CPU.ActiveCfg = Release|Any CPU
		{7EB4E758-461E-4F8C-8EC1-345324C0C878}.Release|Any CPU.Build.0 = Release|Any CPU
		{7EB4E758-461E-4F8C-8EC1-345324C0C878}.Release|x64.ActiveCfg = Release|Any CPU
		{7EB4E758-461E-4F8C-8EC1-345324C0C878}.Release|x64.Build.0 = Release|Any CPU
		{7EB4E758-461E-4F8C-8EC1-345324C0C878}.Release|x86.ActiveCfg = Release|Any CPU
		{7EB4E758-461E-4F8C-8EC1-345324C0C878}.Release|x86.Build.0 = Release|Any CPU
		{302D0BA8-CFD1-4505-B069-1805CAD75ED5}.Debug|Any CPU.ActiveCfg = Debug|Any CPU
		{302D0BA8-CFD1-4505-B069-1805CAD75ED5}.Debug|Any CPU.Build.0 = Debug|Any CPU
		{302D0BA8-CFD1-4505-B069-1805CAD75ED5}.Debug|x64.ActiveCfg = Debug|Any CPU
		{302D0BA8-CFD1-4505-B069-1805CAD75ED5}.Debug|x64.Build.0 = Debug|Any CPU
		{302D0BA8-CFD1-4505-B069-1805CAD75ED5}.Debug|x86.ActiveCfg = Debug|Any CPU
		{302D0BA8-CFD1-4505-B069-1805CAD75ED5}.Debug|x86.Build.0 = Debug|Any CPU
		{302D0BA8-CFD1-4505-B069-1805CAD75ED5}.Release|Any CPU.ActiveCfg = Release|Any CPU
		{302D0BA8-CFD1-4505-B069-1805CAD75ED5}.Release|Any CPU.Build.0 = Release|Any CPU
		{302D0BA8-CFD1-4505-B069-1805CAD75ED5}.Release|x64.ActiveCfg = Release|Any CPU
		{302D0BA8-CFD1-4505-B069-1805CAD75ED5}.Release|x64.Build.0 = Release|Any CPU
		{302D0BA8-CFD1-4505-B069-1805CAD75ED5}.Release|x86.ActiveCfg = Release|Any CPU
		{302D0BA8-CFD1-4505-B069-1805CAD75ED5}.Release|x86.Build.0 = Release|Any CPU
		{A658CC96-5862-4353-BFDE-202FB11944E5}.Debug|Any CPU.ActiveCfg = Debug|Any CPU
		{A658CC96-5862-4353-BFDE-202FB11944E5}.Debug|Any CPU.Build.0 = Debug|Any CPU
		{A658CC96-5862-4353-BFDE-202FB11944E5}.Debug|x64.ActiveCfg = Debug|Any CPU
		{A658CC96-5862-4353-BFDE-202FB11944E5}.Debug|x64.Build.0 = Debug|Any CPU
		{A658CC96-5862-4353-BFDE-202FB11944E5}.Debug|x86.ActiveCfg = Debug|Any CPU
		{A658CC96-5862-4353-BFDE-202FB11944E5}.Debug|x86.Build.0 = Debug|Any CPU
		{A658CC96-5862-4353-BFDE-202FB11944E5}.Release|Any CPU.ActiveCfg = Release|Any CPU
		{A658CC96-5862-4353-BFDE-202FB11944E5}.Release|Any CPU.Build.0 = Release|Any CPU
		{A658CC96-5862-4353-BFDE-202FB11944E5}.Release|x64.ActiveCfg = Release|Any CPU
		{A658CC96-5862-4353-BFDE-202FB11944E5}.Release|x64.Build.0 = Release|Any CPU
		{A658CC96-5862-4353-BFDE-202FB11944E5}.Release|x86.ActiveCfg = Release|Any CPU
		{A658CC96-5862-4353-BFDE-202FB11944E5}.Release|x86.Build.0 = Release|Any CPU
		{B2A5B1AC-160E-42C8-BAF1-9E53253C255D}.Debug|Any CPU.ActiveCfg = Debug|Any CPU
		{B2A5B1AC-160E-42C8-BAF1-9E53253C255D}.Debug|Any CPU.Build.0 = Debug|Any CPU
		{B2A5B1AC-160E-42C8-BAF1-9E53253C255D}.Debug|x64.ActiveCfg = Debug|Any CPU
		{B2A5B1AC-160E-42C8-BAF1-9E53253C255D}.Debug|x64.Build.0 = Debug|Any CPU
		{B2A5B1AC-160E-42C8-BAF1-9E53253C255D}.Debug|x86.ActiveCfg = Debug|Any CPU
		{B2A5B1AC-160E-42C8-BAF1-9E53253C255D}.Debug|x86.Build.0 = Debug|Any CPU
		{B2A5B1AC-160E-42C8-BAF1-9E53253C255D}.Release|Any CPU.ActiveCfg = Release|Any CPU
		{B2A5B1AC-160E-42C8-BAF1-9E53253C255D}.Release|Any CPU.Build.0 = Release|Any CPU
		{B2A5B1AC-160E-42C8-BAF1-9E53253C255D}.Release|x64.ActiveCfg = Release|Any CPU
		{B2A5B1AC-160E-42C8-BAF1-9E53253C255D}.Release|x64.Build.0 = Release|Any CPU
		{B2A5B1AC-160E-42C8-BAF1-9E53253C255D}.Release|x86.ActiveCfg = Release|Any CPU
		{B2A5B1AC-160E-42C8-BAF1-9E53253C255D}.Release|x86.Build.0 = Release|Any CPU
		{557852FF-5E9E-4DCB-BC87-EFBB4E35F276}.Debug|Any CPU.ActiveCfg = Debug|Any CPU
		{557852FF-5E9E-4DCB-BC87-EFBB4E35F276}.Debug|Any CPU.Build.0 = Debug|Any CPU
		{557852FF-5E9E-4DCB-BC87-EFBB4E35F276}.Debug|x64.ActiveCfg = Debug|Any CPU
		{557852FF-5E9E-4DCB-BC87-EFBB4E35F276}.Debug|x64.Build.0 = Debug|Any CPU
		{557852FF-5E9E-4DCB-BC87-EFBB4E35F276}.Debug|x86.ActiveCfg = Debug|Any CPU
		{557852FF-5E9E-4DCB-BC87-EFBB4E35F276}.Debug|x86.Build.0 = Debug|Any CPU
		{557852FF-5E9E-4DCB-BC87-EFBB4E35F276}.Release|Any CPU.ActiveCfg = Release|Any CPU
		{557852FF-5E9E-4DCB-BC87-EFBB4E35F276}.Release|Any CPU.Build.0 = Release|Any CPU
		{557852FF-5E9E-4DCB-BC87-EFBB4E35F276}.Release|x64.ActiveCfg = Release|Any CPU
		{557852FF-5E9E-4DCB-BC87-EFBB4E35F276}.Release|x64.Build.0 = Release|Any CPU
		{557852FF-5E9E-4DCB-BC87-EFBB4E35F276}.Release|x86.ActiveCfg = Release|Any CPU
		{557852FF-5E9E-4DCB-BC87-EFBB4E35F276}.Release|x86.Build.0 = Release|Any CPU
	EndGlobalSection
	GlobalSection(SolutionProperties) = preSolution
		HideSolutionNode = FALSE
	EndGlobalSection
EndGlobal
